
Microsoft Visual Studio Solution File, Format Version 12.00
# Visual Studio Version 16
VisualStudioVersion = 16.0.30907.101
MinimumVisualStudioVersion = 10.0.40219.1
Project("{FAE04EC0-301F-11D3-BF4B-00C04F79EFBC}") = "FilmSite", "FilmSite\FilmSite.csproj", "{BDD2B06B-8355-447F-9B4B-FFB723E4AB6B}"
EndProject
Global
	GlobalSection(SolutionConfigurationPlatforms) = preSolution
		Debug|Any CPU = Debug|Any CPU
		Release|Any CPU = Release|Any CPU
	EndGlobalSection
	GlobalSection(ProjectConfigurationPlatforms) = postSolution
		{BDD2B06B-8355-447F-9B4B-FFB723E4AB6B}.Debug|Any CPU.ActiveCfg = Debug|Any CPU
		{BDD2B06B-8355-447F-9B4B-FFB723E4AB6B}.Debug|Any CPU.Build.0 = Debug|Any CPU
		{BDD2B06B-8355-447F-9B4B-FFB723E4AB6B}.Release|Any CPU.ActiveCfg = Release|Any CPU
		{BDD2B06B-8355-447F-9B4B-FFB723E4AB6B}.Release|Any CPU.Build.0 = Release|Any CPU
	EndGlobalSection
	GlobalSection(SolutionProperties) = preSolution
		HideSolutionNode = FALSE
	EndGlobalSection
	GlobalSection(ExtensibilityGlobals) = postSolution
		SolutionGuid = {7ED8B499-7B36-458C-9D55-76A5480B7714}
	EndGlobalSection
EndGlobal
